
Microsoft Visual Studio Solution File, Format Version 12.00
# Visual Studio Version 16
VisualStudioVersion = 16.0.30011.22
MinimumVisualStudioVersion = 10.0.40219.1
Project("{FAE04EC0-301F-11D3-BF4B-00C04F79EFBC}") = "mcClient", "mcClient\mcClient.csproj", "{E20A8176-DBE5-4241-8D69-9B5FC3373F75}"
EndProject
Global
	GlobalSection(SolutionConfigurationPlatforms) = preSolution
		Debug|Any CPU = Debug|Any CPU
		Release|Any CPU = Release|Any CPU
	EndGlobalSection
	GlobalSection(ProjectConfigurationPlatforms) = postSolution
		{E20A8176-DBE5-4241-8D69-9B5FC3373F75}.Debug|Any CPU.ActiveCfg = Debug|Any CPU
		{E20A8176-DBE5-4241-8D69-9B5FC3373F75}.Debug|Any CPU.Build.0 = Debug|Any CPU
		{E20A8176-DBE5-4241-8D69-9B5FC3373F75}.Release|Any CPU.ActiveCfg = Release|Any CPU
		{E20A8176-DBE5-4241-8D69-9B5FC3373F75}.Release|Any CPU.Build.0 = Release|Any CPU
	EndGlobalSection
	GlobalSection(SolutionProperties) = preSolution
		HideSolutionNode = FALSE
	EndGlobalSection
	GlobalSection(ExtensibilityGlobals) = postSolution
		SolutionGuid = {C3DB477A-502C-435A-86A2-7691CCCD9397}
	EndGlobalSection
EndGlobal
